
Microsoft Visual Studio Solution File, Format Version 12.00
# Visual Studio 2013
VisualStudioVersion = 12.0.31101.0
MinimumVisualStudioVersion = 10.0.40219.1
Project("{6141683F-8A12-4E36-9623-2EB02B2C2303}") = "Setup", "Setup\Setup.isproj", "{525285CC-8A35-4FE2-A12A-3FB05A2CEE78}"
EndProject
Project("{FAE04EC0-301F-11D3-BF4B-00C04F79EFBC}") = "Honda", "Honda\Honda.csproj", "{6D0B0FD3-DB07-4463-87ED-D04618AC0049}"
EndProject
Global
	GlobalSection(SolutionConfigurationPlatforms) = preSolution
		CD_ROM|Any CPU = CD_ROM|Any CPU
		Debug|Any CPU = Debug|Any CPU
		DVD-5|Any CPU = DVD-5|Any CPU
		Release|Any CPU = Release|Any CPU
		SingleImage|Any CPU = SingleImage|Any CPU
	EndGlobalSection
	GlobalSection(ProjectConfigurationPlatforms) = postSolution
		{525285CC-8A35-4FE2-A12A-3FB05A2CEE78}.CD_ROM|Any CPU.ActiveCfg = CD_ROM
		{525285CC-8A35-4FE2-A12A-3FB05A2CEE78}.CD_ROM|Any CPU.Build.0 = CD_ROM
		{525285CC-8A35-4FE2-A12A-3FB05A2CEE78}.Debug|Any CPU.ActiveCfg = DVD-5
		{525285CC-8A35-4FE2-A12A-3FB05A2CEE78}.Debug|Any CPU.Build.0 = DVD-5
		{525285CC-8A35-4FE2-A12A-3FB05A2CEE78}.DVD-5|Any CPU.ActiveCfg = DVD-5
		{525285CC-8A35-4FE2-A12A-3FB05A2CEE78}.DVD-5|Any CPU.Build.0 = DVD-5
		{525285CC-8A35-4FE2-A12A-3FB05A2CEE78}.Release|Any CPU.ActiveCfg = SingleImage
		{525285CC-8A35-4FE2-A12A-3FB05A2CEE78}.Release|Any CPU.Build.0 = SingleImage
		{525285CC-8A35-4FE2-A12A-3FB05A2CEE78}.SingleImage|Any CPU.ActiveCfg = SingleImage
		{525285CC-8A35-4FE2-A12A-3FB05A2CEE78}.SingleImage|Any CPU.Build.0 = SingleImage
		{6D0B0FD3-DB07-4463-87ED-D04618AC0049}.CD_ROM|Any CPU.ActiveCfg = Release|Any CPU
		{6D0B0FD3-DB07-4463-87ED-D04618AC0049}.CD_ROM|Any CPU.Build.0 = Release|Any CPU
		{6D0B0FD3-DB07-4463-87ED-D04618AC0049}.Debug|Any CPU.ActiveCfg = Debug|Any CPU
		{6D0B0FD3-DB07-4463-87ED-D04618AC0049}.Debug|Any CPU.Build.0 = Debug|Any CPU
		{6D0B0FD3-DB07-4463-87ED-D04618AC0049}.DVD-5|Any CPU.ActiveCfg = Debug|Any CPU
		{6D0B0FD3-DB07-4463-87ED-D04618AC0049}.DVD-5|Any CPU.Build.0 = Debug|Any CPU
		{6D0B0FD3-DB07-4463-87ED-D04618AC0049}.Release|Any CPU.ActiveCfg = Release|Any CPU
		{6D0B0FD3-DB07-4463-87ED-D04618AC0049}.Release|Any CPU.Build.0 = Release|Any CPU
		{6D0B0FD3-DB07-4463-87ED-D04618AC0049}.SingleImage|Any CPU.ActiveCfg = Release|Any CPU
		{6D0B0FD3-DB07-4463-87ED-D04618AC0049}.SingleImage|Any CPU.Build.0 = Release|Any CPU
	EndGlobalSection
	GlobalSection(SolutionProperties) = preSolution
		HideSolutionNode = FALSE
	EndGlobalSection
	GlobalSection(ExtensibilityGlobals) = postSolution
		VisualSVNWorkingCopyRoot = .
	EndGlobalSection
EndGlobal
